<Solution>
  <Project Path="Assembly-CSharp.csproj" />
  <Project Path="FMODUnityResonanceEditor.csproj" />
  <Project Path="Unity.Netcode.Editor.CodeGen.csproj" />
  <Project Path="Unity.Services.Multiplayer.Editor.Matchmaker.Authoring.Core.csproj" />
  <Project Path="Unity.Multiplayer.Widgets.Editor.csproj" />
  <Project Path="Unity.Services.Core.Configuration.Editor.csproj" />
  <Project Path="Unity.Services.Core.Configuration.csproj" />
  <Project Path="Unity.Multiplayer.Tools.Adapters.Ngo1WithUtp2.csproj" />
  <Project Path="Unity.Multiplayer.Center.Common.csproj" />
  <Project Path="FMODUnityEditor.csproj" />
  <Project Path="Unity.Multiplayer.Center.Integrations.csproj" />
  <Project Path="FMODUnity.csproj" />
  <Project Path="Unity.Multiplayer.Tools.DependencyInjection.UIElements.csproj" />
  <Project Path="Unity.ProBuilder.KdTree.csproj" />
  <Project Path="Unity.ProBuilder.AddOns.Editor.csproj" />
  <Project Path="Unity.Multiplayer.Tools.NetworkSimulator.Editor.csproj" />
  <Project Path="Unity.Multiplayer.Tools.NetworkProfiler.Runtime.csproj" />
  <Project Path="Unity.Services.Core.Environments.Internal.csproj" />
  <Project Path="Unity.InputSystem.ForUI.csproj" />
  <Project Path="Unity.Services.Core.Scheduler.csproj" />
  <Project Path="Unity.AI.Navigation.csproj" />
  <Project Path="Unity.Collections.CodeGen.csproj" />
  <Project Path="Unity.Services.Core.Telemetry.csproj" />
  <Project Path="Unity.Services.Core.Components.csproj" />
  <Project Path="FMODUnityHaptics.csproj" />
  <Project Path="FMODUnityResonance.csproj" />
  <Project Path="Unity.InternalAPIEditorBridge.022.csproj" />
  <Project Path="Unity.Multiplayer.Playmode.csproj" />
  <Project Path="Unity.RenderPipeline.Universal.ShaderLibrary.csproj" />
  <Project Path="Unity.Multiplayer.PlayMode.Editor.Bridge.csproj" />
  <Project Path="Unity.Services.Authentication.Editor.Shared.csproj" />
  <Project Path="Unity.Services.Core.Registration.csproj" />
  <Project Path="Unity.Multiplayer.Tools.Editor.csproj" />
  <Project Path="Unity.Multiplayer.Tools.NetVis.Editor.Visualization.csproj" />
  <Project Path="Unity.Rendering.LightTransport.Editor.csproj" />
  <Project Path="Unity.InputSystem.DocCodeSamples.csproj" />
  <Project Path="Unity.Netcode.PackageChecker.Editor.csproj" />
  <Project Path="Unity.RenderPipelines.Universal.Shaders.csproj" />
  <Project Path="Unity.RenderPipelines.Core.Runtime.Shared.csproj" />
  <Project Path="Unity.Multiplayer.Tools.Adapters.Ngo1.csproj" />
  <Project Path="Unity.ProBuilder.Stl.csproj" />
  <Project Path="Unity.Multiplayer.Tools.NetStatsReporting.csproj" />
  <Project Path="Unity.Services.Core.Networking.csproj" />
  <Project Path="Unity.Multiplayer.Playmode.Common.Runtime.csproj" />
  <Project Path="Unity.VisualScripting.DocCodeExamples.csproj" />
  <Project Path="Unity.Multiplayer.Tools.Adapters.Utp2.csproj" />
  <Project Path="Unity.PlasticSCM.Editor.Entities.csproj" />
  <Project Path="Unity.Services.Core.Environments.csproj" />
  <Project Path="Unity.Collections.Editor.csproj" />
  <Project Path="Unity.RenderPipelines.Universal.Config.Runtime.csproj" />
  <Project Path="Unity.RenderPipelines.ShaderGraph.ShaderGraphLibrary.csproj" />
  <Project Path="Unity.RenderPipelines.Core.ShaderLibrary.csproj" />
  <Project Path="Unity.RenderPipelines.Core.Editor.Shared.csproj" />
</Solution>
